<?xml version="1.0" encoding="utf-8"?>
<Project ToolsVersion="4.0" xmlns="http://schemas.microsoft.com/developer/msbuild/2003">
  <ItemGroup>
    <Filter Include="Source Files">
      <UniqueIdentifier>{4FC737F1-C7A5-4376-A066-2A32D752A2FF}</UniqueIdentifier>
      <Extensions>cpp;c;cc;cxx;def;odl;idl;hpj;bat;asm;asmx</Extensions>
    </Filter>
    <Filter Include="Header Files">
      <UniqueIdentifier>{93995380-89BD-4b04-88EB-625FBE52EBFB}</UniqueIdentifier>
      <Extensions>h;hh;hpp;hxx;hm;inl;inc;xsd</Extensions>
    </Filter>
    <Filter Include="Resource Files">
      <UniqueIdentifier>{67DA6AB6-F800-4c08-8B7A-83BB121AAD01}</UniqueIdentifier>
      <Extensions>rc;ico;cur;bmp;dlg;rc2;rct;bin;rgs;gif;jpg;jpeg;jpe;resx;tiff;tif;png;wav;mfcribbon-ms</Extensions>
    </Filter>
    <Filter Include="Header Files\Core Services">
      <UniqueIdentifier>{2c3aed69-31f7-475d-9ee5-78e86e634a2c}</UniqueIdentifier>
    </Filter>
    <Filter Include="Header Files\Core Services\Components">
      <UniqueIdentifier>{2a154db4-5173-48f7-82d2-a62197ec8731}</UniqueIdentifier>
    </Filter>
    <Filter Include="Header Files\Core Services\Interfaces">
      <UniqueIdentifier>{66f7a5c2-c66e-4af7-b180-dff0753e77a7}</UniqueIdentifier>
    </Filter>
    <Filter Include="Source Files\Core Services">
      <UniqueIdentifier>{d40c95e4-e9a1-400b-bedf-60eed031e2d3}</UniqueIdentifier>
    </Filter>
    <Filter Include="Source Files\Core Services\Components">
      <UniqueIdentifier>{799d41cd-3fff-4932-baab-2364ee4ca5be}</UniqueIdentifier>
    </Filter>
    <Filter Include="Source Files\Core Services\Interfaces">
      <UniqueIdentifier>{813aa500-8934-43be-9616-8cf1332df4b8}</UniqueIdentifier>
    </Filter>
    <Filter Include="Header Files\Renderer">
      <UniqueIdentifier>{a236ba1d-00cf-4be5-92ad-795c08e3d94c}</UniqueIdentifier>
    </Filter>
    <Filter Include="Source Files\Renderer">
      <UniqueIdentifier>{f7244865-a976-46ce-8d3f-1d5d3267d328}</UniqueIdentifier>
    </Filter>
    <Filter Include="Resource Files\shaders">
      <UniqueIdentifier>{ff86a382-2950-494b-9149-f578bafe53dd}</UniqueIdentifier>
    </Filter>
    <Filter Include="Header Files\Renderer\data">
      <UniqueIdentifier>{2155c1ec-dfd2-4c74-9a4b-baae439c123e}</UniqueIdentifier>
    </Filter>
    <Filter Include="Source Files\Renderer\data">
      <UniqueIdentifier>{e06ce4a8-764f-4d87-866a-783023fe6554}</UniqueIdentifier>
    </Filter>
    <Filter Include="Source Files\Renderer\loaders">
      <UniqueIdentifier>{a577f198-7284-406d-9016-76aacdbca723}</UniqueIdentifier>
    </Filter>
    <Filter Include="Header Files\Renderer\loaders">
      <UniqueIdentifier>{74488f50-553f-4c79-9039-75a0018366d4}</UniqueIdentifier>
    </Filter>
  </ItemGroup>
  <ItemGroup>
    <ClCompile Include="Component.cpp">
      <Filter>Source Files\Core Services\Components</Filter>
    </ClCompile>
    <ClCompile Include="Transform.cpp">
      <Filter>Source Files\Core Services\Components</Filter>
    </ClCompile>
    <ClCompile Include="IPhysicsSystem.cpp">
      <Filter>Source Files\Core Services\Interfaces</Filter>
    </ClCompile>
    <ClCompile Include="IRenderSystem.cpp">
      <Filter>Source Files\Core Services\Interfaces</Filter>
    </ClCompile>
    <ClCompile Include="IScene.cpp">
      <Filter>Source Files\Core Services\Interfaces</Filter>
    </ClCompile>
    <ClCompile Include="ISubsystem.cpp">
      <Filter>Source Files\Core Services\Interfaces</Filter>
    </ClCompile>
    <ClCompile Include="JsonUtils.cpp">
      <Filter>Source Files\Core Services</Filter>
    </ClCompile>
    <ClCompile Include="SceneFileLoader.cpp">
      <Filter>Source Files\Core Services</Filter>
    </ClCompile>
    <ClCompile Include="stdafx.cpp">
      <Filter>Source Files\Core Services</Filter>
    </ClCompile>
    <ClCompile Include="Time.cpp">
      <Filter>Source Files\Core Services</Filter>
    </ClCompile>
    <ClCompile Include="TransformScene.cpp">
      <Filter>Source Files\Core Services</Filter>
    </ClCompile>
    <ClCompile Include="Engine.cpp">
      <Filter>Source Files\Core Services</Filter>
    </ClCompile>
    <ClCompile Include="RenderableScene.cpp">
      <Filter>Source Files\Renderer</Filter>
    </ClCompile>
    <ClCompile Include="RenderableMeshScene.cpp">
      <Filter>Source Files\Renderer</Filter>
    </ClCompile>
    <ClCompile Include="glad.c">
      <Filter>Source Files\Renderer</Filter>
    </ClCompile>
    <ClCompile Include="render_system_gl45.cpp">
      <Filter>Source Files\Renderer</Filter>
    </ClCompile>
    <ClCompile Include="sdl_window.cpp">
      <Filter>Source Files\Renderer</Filter>
    </ClCompile>
    <ClCompile Include="iwindow.cpp">
      <Filter>Source Files\Core Services\Interfaces</Filter>
    </ClCompile>
    <ClCompile Include="render_data_store.cpp">
      <Filter>Source Files\Renderer\data</Filter>
    </ClCompile>
    <ClCompile Include="render_components.cpp">
      <Filter>Source Files\Renderer\data</Filter>
    </ClCompile>
    <ClCompile Include="render_data.cpp">
      <Filter>Source Files\Renderer\data</Filter>
    </ClCompile>
    <ClCompile Include="shader_program.cpp">
      <Filter>Source Files\Renderer\data</Filter>
    </ClCompile>
    <ClCompile Include="shader_variables.cpp">
      <Filter>Source Files\Renderer\data</Filter>
    </ClCompile>
    <ClCompile Include="component_loader.cpp">
      <Filter>Source Files\Core Services</Filter>
    </ClCompile>
    <ClCompile Include="config.cpp">
      <Filter>Source Files\Core Services</Filter>
    </ClCompile>
    <ClCompile Include="data_loader.cpp">
      <Filter>Source Files\Core Services\Interfaces</Filter>
    </ClCompile>
  </ItemGroup>
  <ItemGroup>
    <ClInclude Include="Component.h">
      <Filter>Header Files\Core Services\Components</Filter>
    </ClInclude>
    <ClInclude Include="Transform.h">
      <Filter>Header Files\Core Services\Components</Filter>
    </ClInclude>
    <ClInclude Include="IPhysicsSystem.h">
      <Filter>Header Files\Core Services\Interfaces</Filter>
    </ClInclude>
    <ClInclude Include="IRenderSystem.h">
      <Filter>Header Files\Core Services\Interfaces</Filter>
    </ClInclude>
    <ClInclude Include="IScene.h">
      <Filter>Header Files\Core Services\Interfaces</Filter>
    </ClInclude>
    <ClInclude Include="ISubsystem.h">
      <Filter>Header Files\Core Services\Interfaces</Filter>
    </ClInclude>
    <ClInclude Include="JsonUtils.h">
      <Filter>Header Files\Core Services</Filter>
    </ClInclude>
    <ClInclude Include="SceneFileLoader.h">
      <Filter>Header Files\Core Services</Filter>
    </ClInclude>
    <ClInclude Include="stdafx.h">
      <Filter>Header Files\Core Services</Filter>
    </ClInclude>
    <ClInclude Include="Time.h">
      <Filter>Header Files\Core Services</Filter>
    </ClInclude>
    <ClInclude Include="TransformScene.h">
      <Filter>Header Files\Core Services</Filter>
    </ClInclude>
    <ClInclude Include="Engine.h">
      <Filter>Header Files\Core Services</Filter>
    </ClInclude>
    <ClInclude Include="RenderableScene.h">
      <Filter>Header Files\Renderer</Filter>
    </ClInclude>
    <ClInclude Include="RenderableMeshScene.h">
      <Filter>Header Files\Renderer</Filter>
    </ClInclude>
    <ClInclude Include="glad\glad.h">
      <Filter>Header Files\Renderer</Filter>
    </ClInclude>
    <ClInclude Include="KHR\khrplatform.h">
      <Filter>Header Files\Renderer</Filter>
    </ClInclude>
    <ClInclude Include="render_system_gl45.h">
      <Filter>Header Files\Renderer</Filter>
    </ClInclude>
    <ClInclude Include="iwindow.h">
      <Filter>Header Files\Core Services\Interfaces</Filter>
    </ClInclude>
    <ClInclude Include="sdl_window.h">
      <Filter>Header Files\Renderer</Filter>
    </ClInclude>
    <ClInclude Include="render_components.h">
      <Filter>Header Files\Renderer\data</Filter>
    </ClInclude>
    <ClInclude Include="render_data_store.h">
      <Filter>Header Files\Renderer\data</Filter>
    </ClInclude>
    <ClInclude Include="shader_program.h">
      <Filter>Header Files\Renderer\data</Filter>
    </ClInclude>
    <ClInclude Include="render_data.h">
      <Filter>Header Files\Renderer\data</Filter>
    </ClInclude>
    <ClInclude Include="shader_variables.h">
      <Filter>Header Files\Renderer\data</Filter>
    </ClInclude>
    <ClInclude Include="component_loader.h">
      <Filter>Header Files\Core Services</Filter>
    </ClInclude>
    <ClInclude Include="config.h">
      <Filter>Header Files\Core Services</Filter>
    </ClInclude>
    <ClInclude Include="data_loader.h">
      <Filter>Header Files\Core Services\Interfaces</Filter>
    </ClInclude>
  </ItemGroup>
  <ItemGroup>
    <None Include="test.frag">
      <Filter>Resource Files\shaders</Filter>
    </None>
    <None Include="logging.conf">
      <Filter>Resource Files</Filter>
    </None>
    <None Include="SampleScene.json">
      <Filter>Resource Files</Filter>
    </None>
    <None Include="SceneFileSchema.json">
      <Filter>Resource Files</Filter>
    </None>
  </ItemGroup>
</Project>